// !$*UTF8*$!
{
	archiveVersion = 1;
	classes = {
	};
	objectVersion = 48;
	objects = {

/* Begin PBXBuildFile section */
		1ECBDE60758E06FC04D11AB0 /* Pods_moomoodUITests.framework in Frameworks */ = {isa = PBXBuildFile; fileRef = C0D6E7C3106318C9BDAA5084 /* Pods_moomoodUITests.framework */; };
		A9E1FD921F96383500660F71 /* AnalysisViewController.swift in Sources */ = {isa = PBXBuildFile; fileRef = A9E1FD911F96383500660F71 /* AnalysisViewController.swift */; };
		C69F95FB1028B7E1E3647C16 /* Pods_moomood.framework in Frameworks */ = {isa = PBXBuildFile; fileRef = D58C8543E7BC31DDC830877D /* Pods_moomood.framework */; };
		D9374CC61F93C92100FA0481 /* Mood.swift in Sources */ = {isa = PBXBuildFile; fileRef = D9374CC51F93C92000FA0481 /* Mood.swift */; };
		D979BE191F8E70F6002A4AC5 /* ChartViewController.swift in Sources */ = {isa = PBXBuildFile; fileRef = D979BE181F8E70F6002A4AC5 /* ChartViewController.swift */; };
		D979BE1B1F8FFBBA002A4AC5 /* ChatbotViewController.swift in Sources */ = {isa = PBXBuildFile; fileRef = D979BE1A1F8FFBBA002A4AC5 /* ChatbotViewController.swift */; };
		D9D8945A1F9525EB00ED5A54 /* ShowMediaViewController.swift in Sources */ = {isa = PBXBuildFile; fileRef = D9D894591F9525EB00ED5A54 /* ShowMediaViewController.swift */; };
		E6AAD52F1F9791840073D8E5 /* MoodInputViewDisplay.swift in Sources */ = {isa = PBXBuildFile; fileRef = E6AAD52E1F9791840073D8E5 /* MoodInputViewDisplay.swift */; };
		D9D894601F979CD500ED5A54 /* ChatMessage.swift in Sources */ = {isa = PBXBuildFile; fileRef = D9D8945F1F979CD500ED5A54 /* ChatMessage.swift */; };
		E6C6C9C81F8E211400BD5531 /* AppDelegate.swift in Sources */ = {isa = PBXBuildFile; fileRef = E6C6C9C71F8E211400BD5531 /* AppDelegate.swift */; };
		E6C6C9CA1F8E211400BD5531 /* FirstViewController.swift in Sources */ = {isa = PBXBuildFile; fileRef = E6C6C9C91F8E211400BD5531 /* FirstViewController.swift */; };
		E6C6C9CC1F8E211400BD5531 /* MoodInputViewController.swift in Sources */ = {isa = PBXBuildFile; fileRef = E6C6C9CB1F8E211400BD5531 /* MoodInputViewController.swift */; };
		E6C6C9CF1F8E211400BD5531 /* Main.storyboard in Resources */ = {isa = PBXBuildFile; fileRef = E6C6C9CD1F8E211400BD5531 /* Main.storyboard */; };
		E6C6C9D11F8E211400BD5531 /* Assets.xcassets in Resources */ = {isa = PBXBuildFile; fileRef = E6C6C9D01F8E211400BD5531 /* Assets.xcassets */; };
		E6C6C9D41F8E211400BD5531 /* LaunchScreen.storyboard in Resources */ = {isa = PBXBuildFile; fileRef = E6C6C9D21F8E211400BD5531 /* LaunchScreen.storyboard */; };
		E6C6C9DF1F8E211400BD5531 /* moomoodTests.swift in Sources */ = {isa = PBXBuildFile; fileRef = E6C6C9DE1F8E211400BD5531 /* moomoodTests.swift */; };
		E6C6C9EA1F8E211500BD5531 /* moomoodUITests.swift in Sources */ = {isa = PBXBuildFile; fileRef = E6C6C9E91F8E211500BD5531 /* moomoodUITests.swift */; };
		FAE06F6330FEB6677FF40F01 /* Pods_moomoodTests.framework in Frameworks */ = {isa = PBXBuildFile; fileRef = DED0BC4C07FE369F9AC2EF0A /* Pods_moomoodTests.framework */; };
/* End PBXBuildFile section */

/* Begin PBXContainerItemProxy section */
		E6C6C9DB1F8E211400BD5531 /* PBXContainerItemProxy */ = {
			isa = PBXContainerItemProxy;
			containerPortal = E6C6C9BC1F8E211400BD5531 /* Project object */;
			proxyType = 1;
			remoteGlobalIDString = E6C6C9C31F8E211400BD5531;
			remoteInfo = moomood;
		};
		E6C6C9E61F8E211500BD5531 /* PBXContainerItemProxy */ = {
			isa = PBXContainerItemProxy;
			containerPortal = E6C6C9BC1F8E211400BD5531 /* Project object */;
			proxyType = 1;
			remoteGlobalIDString = E6C6C9C31F8E211400BD5531;
			remoteInfo = moomood;
		};
/* End PBXContainerItemProxy section */

/* Begin PBXFileReference section */
		2584CE41732D31943001E57C /* Pods-moomoodUITests.release.xcconfig */ = {isa = PBXFileReference; includeInIndex = 1; lastKnownFileType = text.xcconfig; name = "Pods-moomoodUITests.release.xcconfig"; path = "Pods/Target Support Files/Pods-moomoodUITests/Pods-moomoodUITests.release.xcconfig"; sourceTree = "<group>"; };
		428B17691EC1C4B16383249C /* Pods-moomood.debug.xcconfig */ = {isa = PBXFileReference; includeInIndex = 1; lastKnownFileType = text.xcconfig; name = "Pods-moomood.debug.xcconfig"; path = "Pods/Target Support Files/Pods-moomood/Pods-moomood.debug.xcconfig"; sourceTree = "<group>"; };
		44F7BB49D60B1091F19F1A64 /* Pods-moomoodTests.release.xcconfig */ = {isa = PBXFileReference; includeInIndex = 1; lastKnownFileType = text.xcconfig; name = "Pods-moomoodTests.release.xcconfig"; path = "Pods/Target Support Files/Pods-moomoodTests/Pods-moomoodTests.release.xcconfig"; sourceTree = "<group>"; };
		451735FC10E6AF2F295927B5 /* Pods-moomoodUITests.debug.xcconfig */ = {isa = PBXFileReference; includeInIndex = 1; lastKnownFileType = text.xcconfig; name = "Pods-moomoodUITests.debug.xcconfig"; path = "Pods/Target Support Files/Pods-moomoodUITests/Pods-moomoodUITests.debug.xcconfig"; sourceTree = "<group>"; };
		8B325570D2310684A0349AF3 /* Pods-moomood.release.xcconfig */ = {isa = PBXFileReference; includeInIndex = 1; lastKnownFileType = text.xcconfig; name = "Pods-moomood.release.xcconfig"; path = "Pods/Target Support Files/Pods-moomood/Pods-moomood.release.xcconfig"; sourceTree = "<group>"; };
		A9E1FD911F96383500660F71 /* AnalysisViewController.swift */ = {isa = PBXFileReference; lastKnownFileType = sourcecode.swift; path = AnalysisViewController.swift; sourceTree = "<group>"; };
		AE7ADD9165F73CD3D7A420F4 /* Pods-moomoodTests.debug.xcconfig */ = {isa = PBXFileReference; includeInIndex = 1; lastKnownFileType = text.xcconfig; name = "Pods-moomoodTests.debug.xcconfig"; path = "Pods/Target Support Files/Pods-moomoodTests/Pods-moomoodTests.debug.xcconfig"; sourceTree = "<group>"; };
		C0D6E7C3106318C9BDAA5084 /* Pods_moomoodUITests.framework */ = {isa = PBXFileReference; explicitFileType = wrapper.framework; includeInIndex = 0; path = Pods_moomoodUITests.framework; sourceTree = BUILT_PRODUCTS_DIR; };
		D58C8543E7BC31DDC830877D /* Pods_moomood.framework */ = {isa = PBXFileReference; explicitFileType = wrapper.framework; includeInIndex = 0; path = Pods_moomood.framework; sourceTree = BUILT_PRODUCTS_DIR; };
		D9374CC51F93C92000FA0481 /* Mood.swift */ = {isa = PBXFileReference; lastKnownFileType = sourcecode.swift; path = Mood.swift; sourceTree = "<group>"; };
		D979BE181F8E70F6002A4AC5 /* ChartViewController.swift */ = {isa = PBXFileReference; lastKnownFileType = sourcecode.swift; path = ChartViewController.swift; sourceTree = "<group>"; };
		D979BE1A1F8FFBBA002A4AC5 /* ChatbotViewController.swift */ = {isa = PBXFileReference; lastKnownFileType = sourcecode.swift; path = ChatbotViewController.swift; sourceTree = "<group>"; };
		D9D894591F9525EB00ED5A54 /* ShowMediaViewController.swift */ = {isa = PBXFileReference; lastKnownFileType = sourcecode.swift; path = ShowMediaViewController.swift; sourceTree = "<group>"; };
		D9D8945F1F979CD500ED5A54 /* ChatMessage.swift */ = {isa = PBXFileReference; lastKnownFileType = sourcecode.swift; path = ChatMessage.swift; sourceTree = "<group>"; };
		DED0BC4C07FE369F9AC2EF0A /* Pods_moomoodTests.framework */ = {isa = PBXFileReference; explicitFileType = wrapper.framework; includeInIndex = 0; path = Pods_moomoodTests.framework; sourceTree = BUILT_PRODUCTS_DIR; };
		E6AAD52E1F9791840073D8E5 /* MoodInputViewDisplay.swift */ = {isa = PBXFileReference; lastKnownFileType = sourcecode.swift; path = MoodInputViewDisplay.swift; sourceTree = "<group>"; };
		E6C6C9C41F8E211400BD5531 /* moomood.app */ = {isa = PBXFileReference; explicitFileType = wrapper.application; includeInIndex = 0; path = moomood.app; sourceTree = BUILT_PRODUCTS_DIR; };
		E6C6C9C71F8E211400BD5531 /* AppDelegate.swift */ = {isa = PBXFileReference; lastKnownFileType = sourcecode.swift; path = AppDelegate.swift; sourceTree = "<group>"; };
		E6C6C9C91F8E211400BD5531 /* FirstViewController.swift */ = {isa = PBXFileReference; lastKnownFileType = sourcecode.swift; path = FirstViewController.swift; sourceTree = "<group>"; };
		E6C6C9CB1F8E211400BD5531 /* MoodInputViewController.swift */ = {isa = PBXFileReference; lastKnownFileType = sourcecode.swift; path = MoodInputViewController.swift; sourceTree = "<group>"; };
		E6C6C9CE1F8E211400BD5531 /* Base */ = {isa = PBXFileReference; lastKnownFileType = file.storyboard; name = Base; path = Base.lproj/Main.storyboard; sourceTree = "<group>"; };
		E6C6C9D01F8E211400BD5531 /* Assets.xcassets */ = {isa = PBXFileReference; lastKnownFileType = folder.assetcatalog; path = Assets.xcassets; sourceTree = "<group>"; };
		E6C6C9D31F8E211400BD5531 /* Base */ = {isa = PBXFileReference; lastKnownFileType = file.storyboard; name = Base; path = Base.lproj/LaunchScreen.storyboard; sourceTree = "<group>"; };
		E6C6C9D51F8E211400BD5531 /* Info.plist */ = {isa = PBXFileReference; lastKnownFileType = text.plist.xml; path = Info.plist; sourceTree = "<group>"; };
		E6C6C9DA1F8E211400BD5531 /* moomoodTests.xctest */ = {isa = PBXFileReference; explicitFileType = wrapper.cfbundle; includeInIndex = 0; path = moomoodTests.xctest; sourceTree = BUILT_PRODUCTS_DIR; };
		E6C6C9DE1F8E211400BD5531 /* moomoodTests.swift */ = {isa = PBXFileReference; lastKnownFileType = sourcecode.swift; path = moomoodTests.swift; sourceTree = "<group>"; };
		E6C6C9E01F8E211400BD5531 /* Info.plist */ = {isa = PBXFileReference; lastKnownFileType = text.plist.xml; path = Info.plist; sourceTree = "<group>"; };
		E6C6C9E51F8E211500BD5531 /* moomoodUITests.xctest */ = {isa = PBXFileReference; explicitFileType = wrapper.cfbundle; includeInIndex = 0; path = moomoodUITests.xctest; sourceTree = BUILT_PRODUCTS_DIR; };
		E6C6C9E91F8E211500BD5531 /* moomoodUITests.swift */ = {isa = PBXFileReference; lastKnownFileType = sourcecode.swift; path = moomoodUITests.swift; sourceTree = "<group>"; };
		E6C6C9EB1F8E211500BD5531 /* Info.plist */ = {isa = PBXFileReference; lastKnownFileType = text.plist.xml; path = Info.plist; sourceTree = "<group>"; };
/* End PBXFileReference section */

/* Begin PBXFrameworksBuildPhase section */
		E6C6C9C11F8E211400BD5531 /* Frameworks */ = {
			isa = PBXFrameworksBuildPhase;
			buildActionMask = 2147483647;
			files = (
				C69F95FB1028B7E1E3647C16 /* Pods_moomood.framework in Frameworks */,
			);
			runOnlyForDeploymentPostprocessing = 0;
		};
		E6C6C9D71F8E211400BD5531 /* Frameworks */ = {
			isa = PBXFrameworksBuildPhase;
			buildActionMask = 2147483647;
			files = (
				FAE06F6330FEB6677FF40F01 /* Pods_moomoodTests.framework in Frameworks */,
			);
			runOnlyForDeploymentPostprocessing = 0;
		};
		E6C6C9E21F8E211500BD5531 /* Frameworks */ = {
			isa = PBXFrameworksBuildPhase;
			buildActionMask = 2147483647;
			files = (
				1ECBDE60758E06FC04D11AB0 /* Pods_moomoodUITests.framework in Frameworks */,
			);
			runOnlyForDeploymentPostprocessing = 0;
		};
/* End PBXFrameworksBuildPhase section */

/* Begin PBXGroup section */
		05E24ACC3393C23CFBF65E75 /* Frameworks */ = {
			isa = PBXGroup;
			children = (
				D58C8543E7BC31DDC830877D /* Pods_moomood.framework */,
				DED0BC4C07FE369F9AC2EF0A /* Pods_moomoodTests.framework */,
				C0D6E7C3106318C9BDAA5084 /* Pods_moomoodUITests.framework */,
			);
			name = Frameworks;
			sourceTree = "<group>";
		};
		650EF5866A807F70DAEAFF9B /* Pods */ = {
			isa = PBXGroup;
			children = (
				428B17691EC1C4B16383249C /* Pods-moomood.debug.xcconfig */,
				8B325570D2310684A0349AF3 /* Pods-moomood.release.xcconfig */,
				AE7ADD9165F73CD3D7A420F4 /* Pods-moomoodTests.debug.xcconfig */,
				44F7BB49D60B1091F19F1A64 /* Pods-moomoodTests.release.xcconfig */,
				451735FC10E6AF2F295927B5 /* Pods-moomoodUITests.debug.xcconfig */,
				2584CE41732D31943001E57C /* Pods-moomoodUITests.release.xcconfig */,
			);
			name = Pods;
			sourceTree = "<group>";
		};
		E6C6C9BB1F8E211400BD5531 = {
			isa = PBXGroup;
			children = (
				E6C6C9C61F8E211400BD5531 /* moomood */,
				E6C6C9DD1F8E211400BD5531 /* moomoodTests */,
				E6C6C9E81F8E211500BD5531 /* moomoodUITests */,
				E6C6C9C51F8E211400BD5531 /* Products */,
				650EF5866A807F70DAEAFF9B /* Pods */,
				05E24ACC3393C23CFBF65E75 /* Frameworks */,
			);
			sourceTree = "<group>";
		};
		E6C6C9C51F8E211400BD5531 /* Products */ = {
			isa = PBXGroup;
			children = (
				E6C6C9C41F8E211400BD5531 /* moomood.app */,
				E6C6C9DA1F8E211400BD5531 /* moomoodTests.xctest */,
				E6C6C9E51F8E211500BD5531 /* moomoodUITests.xctest */,
			);
			name = Products;
			sourceTree = "<group>";
		};
		E6C6C9C61F8E211400BD5531 /* moomood */ = {
			isa = PBXGroup;
			children = (
				A9E1FD911F96383500660F71 /* AnalysisViewController.swift */,
				E6C6C9C71F8E211400BD5531 /* AppDelegate.swift */,
				E6C6C9C91F8E211400BD5531 /* FirstViewController.swift */,
				E6C6C9CB1F8E211400BD5531 /* MoodInputViewController.swift */,
				E6AAD52E1F9791840073D8E5 /* MoodInputViewDisplay.swift */,
				E6C6C9CD1F8E211400BD5531 /* Main.storyboard */,
				D9D894591F9525EB00ED5A54 /* ShowMediaViewController.swift */,
				D979BE181F8E70F6002A4AC5 /* ChartViewController.swift */,
				D979BE1A1F8FFBBA002A4AC5 /* ChatbotViewController.swift */,
				D9D8945F1F979CD500ED5A54 /* ChatMessage.swift */,
				D9374CC51F93C92000FA0481 /* Mood.swift */,
				E6C6C9D01F8E211400BD5531 /* Assets.xcassets */,
				E6C6C9D21F8E211400BD5531 /* LaunchScreen.storyboard */,
				E6C6C9D51F8E211400BD5531 /* Info.plist */,
			);
			path = moomood;
			sourceTree = "<group>";
		};
		E6C6C9DD1F8E211400BD5531 /* moomoodTests */ = {
			isa = PBXGroup;
			children = (
				E6C6C9DE1F8E211400BD5531 /* moomoodTests.swift */,
				E6C6C9E01F8E211400BD5531 /* Info.plist */,
			);
			path = moomoodTests;
			sourceTree = "<group>";
		};
		E6C6C9E81F8E211500BD5531 /* moomoodUITests */ = {
			isa = PBXGroup;
			children = (
				E6C6C9E91F8E211500BD5531 /* moomoodUITests.swift */,
				E6C6C9EB1F8E211500BD5531 /* Info.plist */,
			);
			path = moomoodUITests;
			sourceTree = "<group>";
		};
/* End PBXGroup section */

/* Begin PBXNativeTarget section */
		E6C6C9C31F8E211400BD5531 /* moomood */ = {
			isa = PBXNativeTarget;
			buildConfigurationList = E6C6C9EE1F8E211500BD5531 /* Build configuration list for PBXNativeTarget "moomood" */;
			buildPhases = (
				52DDF32C5F04B647494AC884 /* [CP] Check Pods Manifest.lock */,
				E6C6C9C01F8E211400BD5531 /* Sources */,
				E6C6C9C11F8E211400BD5531 /* Frameworks */,
				E6C6C9C21F8E211400BD5531 /* Resources */,
				CC618559C409C8C04E57F1EB /* [CP] Embed Pods Frameworks */,
				00834E35A4736196E4124CCC /* [CP] Copy Pods Resources */,
			);
			buildRules = (
			);
			dependencies = (
			);
			name = moomood;
			productName = moomood;
			productReference = E6C6C9C41F8E211400BD5531 /* moomood.app */;
			productType = "com.apple.product-type.application";
		};
		E6C6C9D91F8E211400BD5531 /* moomoodTests */ = {
			isa = PBXNativeTarget;
			buildConfigurationList = E6C6C9F11F8E211500BD5531 /* Build configuration list for PBXNativeTarget "moomoodTests" */;
			buildPhases = (
				08B9F5BF45B745FDAC3019FB /* [CP] Check Pods Manifest.lock */,
				E6C6C9D61F8E211400BD5531 /* Sources */,
				E6C6C9D71F8E211400BD5531 /* Frameworks */,
				E6C6C9D81F8E211400BD5531 /* Resources */,
				3D06CBB725209A09294976AA /* [CP] Embed Pods Frameworks */,
				65B8873129A81B9829FA1DDA /* [CP] Copy Pods Resources */,
			);
			buildRules = (
			);
			dependencies = (
				E6C6C9DC1F8E211400BD5531 /* PBXTargetDependency */,
			);
			name = moomoodTests;
			productName = moomoodTests;
			productReference = E6C6C9DA1F8E211400BD5531 /* moomoodTests.xctest */;
			productType = "com.apple.product-type.bundle.unit-test";
		};
		E6C6C9E41F8E211500BD5531 /* moomoodUITests */ = {
			isa = PBXNativeTarget;
			buildConfigurationList = E6C6C9F41F8E211500BD5531 /* Build configuration list for PBXNativeTarget "moomoodUITests" */;
			buildPhases = (
				78081029D953466EDB23E7DB /* [CP] Check Pods Manifest.lock */,
				E6C6C9E11F8E211500BD5531 /* Sources */,
				E6C6C9E21F8E211500BD5531 /* Frameworks */,
				E6C6C9E31F8E211500BD5531 /* Resources */,
				D65DD506E427450A9079476D /* [CP] Embed Pods Frameworks */,
				BD92EAD7028F7A4499447742 /* [CP] Copy Pods Resources */,
			);
			buildRules = (
			);
			dependencies = (
				E6C6C9E71F8E211500BD5531 /* PBXTargetDependency */,
			);
			name = moomoodUITests;
			productName = moomoodUITests;
			productReference = E6C6C9E51F8E211500BD5531 /* moomoodUITests.xctest */;
			productType = "com.apple.product-type.bundle.ui-testing";
		};
/* End PBXNativeTarget section */

/* Begin PBXProject section */
		E6C6C9BC1F8E211400BD5531 /* Project object */ = {
			isa = PBXProject;
			attributes = {
				LastSwiftUpdateCheck = 0900;
				LastUpgradeCheck = 0900;
				ORGANIZATIONNAME = "Jennifer Bacon";
				TargetAttributes = {
					E6C6C9C31F8E211400BD5531 = {
						CreatedOnToolsVersion = 9.0;
						ProvisioningStyle = Automatic;
					};
					E6C6C9D91F8E211400BD5531 = {
						CreatedOnToolsVersion = 9.0;
						ProvisioningStyle = Automatic;
						TestTargetID = E6C6C9C31F8E211400BD5531;
					};
					E6C6C9E41F8E211500BD5531 = {
						CreatedOnToolsVersion = 9.0;
						ProvisioningStyle = Automatic;
						TestTargetID = E6C6C9C31F8E211400BD5531;
					};
				};
			};
			buildConfigurationList = E6C6C9BF1F8E211400BD5531 /* Build configuration list for PBXProject "moomood" */;
			compatibilityVersion = "Xcode 8.0";
			developmentRegion = en;
			hasScannedForEncodings = 0;
			knownRegions = (
				en,
				Base,
			);
			mainGroup = E6C6C9BB1F8E211400BD5531;
			productRefGroup = E6C6C9C51F8E211400BD5531 /* Products */;
			projectDirPath = "";
			projectRoot = "";
			targets = (
				E6C6C9C31F8E211400BD5531 /* moomood */,
				E6C6C9D91F8E211400BD5531 /* moomoodTests */,
				E6C6C9E41F8E211500BD5531 /* moomoodUITests */,
			);
		};
/* End PBXProject section */

/* Begin PBXResourcesBuildPhase section */
		E6C6C9C21F8E211400BD5531 /* Resources */ = {
			isa = PBXResourcesBuildPhase;
			buildActionMask = 2147483647;
			files = (
				E6C6C9D41F8E211400BD5531 /* LaunchScreen.storyboard in Resources */,
				E6C6C9D11F8E211400BD5531 /* Assets.xcassets in Resources */,
				E6C6C9CF1F8E211400BD5531 /* Main.storyboard in Resources */,
			);
			runOnlyForDeploymentPostprocessing = 0;
		};
		E6C6C9D81F8E211400BD5531 /* Resources */ = {
			isa = PBXResourcesBuildPhase;
			buildActionMask = 2147483647;
			files = (
			);
			runOnlyForDeploymentPostprocessing = 0;
		};
		E6C6C9E31F8E211500BD5531 /* Resources */ = {
			isa = PBXResourcesBuildPhase;
			buildActionMask = 2147483647;
			files = (
			);
			runOnlyForDeploymentPostprocessing = 0;
		};
/* End PBXResourcesBuildPhase section */

/* Begin PBXShellScriptBuildPhase section */
		00834E35A4736196E4124CCC /* [CP] Copy Pods Resources */ = {
			isa = PBXShellScriptBuildPhase;
			buildActionMask = 2147483647;
			files = (
			);
			inputPaths = (
			);
			name = "[CP] Copy Pods Resources";
			outputPaths = (
			);
			runOnlyForDeploymentPostprocessing = 0;
			shellPath = /bin/sh;
			shellScript = "\"${SRCROOT}/Pods/Target Support Files/Pods-moomood/Pods-moomood-resources.sh\"\n";
			showEnvVarsInLog = 0;
		};
		08B9F5BF45B745FDAC3019FB /* [CP] Check Pods Manifest.lock */ = {
			isa = PBXShellScriptBuildPhase;
			buildActionMask = 2147483647;
			files = (
			);
			inputPaths = (
				"${PODS_PODFILE_DIR_PATH}/Podfile.lock",
				"${PODS_ROOT}/Manifest.lock",
			);
			name = "[CP] Check Pods Manifest.lock";
			outputPaths = (
				"$(DERIVED_FILE_DIR)/Pods-moomoodTests-checkManifestLockResult.txt",
			);
			runOnlyForDeploymentPostprocessing = 0;
			shellPath = /bin/sh;
			shellScript = "diff \"${PODS_PODFILE_DIR_PATH}/Podfile.lock\" \"${PODS_ROOT}/Manifest.lock\" > /dev/null\nif [ $? != 0 ] ; then\n    # print error to STDERR\n    echo \"error: The sandbox is not in sync with the Podfile.lock. Run 'pod install' or update your CocoaPods installation.\" >&2\n    exit 1\nfi\n# This output is used by Xcode 'outputs' to avoid re-running this script phase.\necho \"SUCCESS\" > \"${SCRIPT_OUTPUT_FILE_0}\"\n";
			showEnvVarsInLog = 0;
		};
		3D06CBB725209A09294976AA /* [CP] Embed Pods Frameworks */ = {
			isa = PBXShellScriptBuildPhase;
			buildActionMask = 2147483647;
			files = (
			);
			inputPaths = (
			);
			name = "[CP] Embed Pods Frameworks";
			outputPaths = (
			);
			runOnlyForDeploymentPostprocessing = 0;
			shellPath = /bin/sh;
			shellScript = "\"${SRCROOT}/Pods/Target Support Files/Pods-moomoodTests/Pods-moomoodTests-frameworks.sh\"\n";
			showEnvVarsInLog = 0;
		};
		52DDF32C5F04B647494AC884 /* [CP] Check Pods Manifest.lock */ = {
			isa = PBXShellScriptBuildPhase;
			buildActionMask = 2147483647;
			files = (
			);
			inputPaths = (
				"${PODS_PODFILE_DIR_PATH}/Podfile.lock",
				"${PODS_ROOT}/Manifest.lock",
			);
			name = "[CP] Check Pods Manifest.lock";
			outputPaths = (
				"$(DERIVED_FILE_DIR)/Pods-moomood-checkManifestLockResult.txt",
			);
			runOnlyForDeploymentPostprocessing = 0;
			shellPath = /bin/sh;
			shellScript = "diff \"${PODS_PODFILE_DIR_PATH}/Podfile.lock\" \"${PODS_ROOT}/Manifest.lock\" > /dev/null\nif [ $? != 0 ] ; then\n    # print error to STDERR\n    echo \"error: The sandbox is not in sync with the Podfile.lock. Run 'pod install' or update your CocoaPods installation.\" >&2\n    exit 1\nfi\n# This output is used by Xcode 'outputs' to avoid re-running this script phase.\necho \"SUCCESS\" > \"${SCRIPT_OUTPUT_FILE_0}\"\n";
			showEnvVarsInLog = 0;
		};
		65B8873129A81B9829FA1DDA /* [CP] Copy Pods Resources */ = {
			isa = PBXShellScriptBuildPhase;
			buildActionMask = 2147483647;
			files = (
			);
			inputPaths = (
			);
			name = "[CP] Copy Pods Resources";
			outputPaths = (
			);
			runOnlyForDeploymentPostprocessing = 0;
			shellPath = /bin/sh;
			shellScript = "\"${SRCROOT}/Pods/Target Support Files/Pods-moomoodTests/Pods-moomoodTests-resources.sh\"\n";
			showEnvVarsInLog = 0;
		};
		78081029D953466EDB23E7DB /* [CP] Check Pods Manifest.lock */ = {
			isa = PBXShellScriptBuildPhase;
			buildActionMask = 2147483647;
			files = (
			);
			inputPaths = (
				"${PODS_PODFILE_DIR_PATH}/Podfile.lock",
				"${PODS_ROOT}/Manifest.lock",
			);
			name = "[CP] Check Pods Manifest.lock";
			outputPaths = (
				"$(DERIVED_FILE_DIR)/Pods-moomoodUITests-checkManifestLockResult.txt",
			);
			runOnlyForDeploymentPostprocessing = 0;
			shellPath = /bin/sh;
			shellScript = "diff \"${PODS_PODFILE_DIR_PATH}/Podfile.lock\" \"${PODS_ROOT}/Manifest.lock\" > /dev/null\nif [ $? != 0 ] ; then\n    # print error to STDERR\n    echo \"error: The sandbox is not in sync with the Podfile.lock. Run 'pod install' or update your CocoaPods installation.\" >&2\n    exit 1\nfi\n# This output is used by Xcode 'outputs' to avoid re-running this script phase.\necho \"SUCCESS\" > \"${SCRIPT_OUTPUT_FILE_0}\"\n";
			showEnvVarsInLog = 0;
		};
		BD92EAD7028F7A4499447742 /* [CP] Copy Pods Resources */ = {
			isa = PBXShellScriptBuildPhase;
			buildActionMask = 2147483647;
			files = (
			);
			inputPaths = (
			);
			name = "[CP] Copy Pods Resources";
			outputPaths = (
			);
			runOnlyForDeploymentPostprocessing = 0;
			shellPath = /bin/sh;
			shellScript = "\"${SRCROOT}/Pods/Target Support Files/Pods-moomoodUITests/Pods-moomoodUITests-resources.sh\"\n";
			showEnvVarsInLog = 0;
		};
		CC618559C409C8C04E57F1EB /* [CP] Embed Pods Frameworks */ = {
			isa = PBXShellScriptBuildPhase;
			buildActionMask = 2147483647;
			files = (
			);
			inputPaths = (
				"${SRCROOT}/Pods/Target Support Files/Pods-moomood/Pods-moomood-frameworks.sh",
				"${BUILT_PRODUCTS_DIR}/ApiAI/ApiAI.framework",
				"${BUILT_PRODUCTS_DIR}/Charts/Charts.framework",
				"${BUILT_PRODUCTS_DIR}/JSQMessagesViewController/JSQMessagesViewController.framework",
				"${BUILT_PRODUCTS_DIR}/JSQSystemSoundPlayer/JSQSystemSoundPlayer.framework",
				"${BUILT_PRODUCTS_DIR}/Realm/Realm.framework",
				"${BUILT_PRODUCTS_DIR}/RealmSwift/RealmSwift.framework",
			);
			name = "[CP] Embed Pods Frameworks";
			outputPaths = (
				"${TARGET_BUILD_DIR}/${FRAMEWORKS_FOLDER_PATH}/ApiAI.framework",
				"${TARGET_BUILD_DIR}/${FRAMEWORKS_FOLDER_PATH}/Charts.framework",
				"${TARGET_BUILD_DIR}/${FRAMEWORKS_FOLDER_PATH}/JSQMessagesViewController.framework",
				"${TARGET_BUILD_DIR}/${FRAMEWORKS_FOLDER_PATH}/JSQSystemSoundPlayer.framework",
				"${TARGET_BUILD_DIR}/${FRAMEWORKS_FOLDER_PATH}/Realm.framework",
				"${TARGET_BUILD_DIR}/${FRAMEWORKS_FOLDER_PATH}/RealmSwift.framework",
			);
			runOnlyForDeploymentPostprocessing = 0;
			shellPath = /bin/sh;
			shellScript = "\"${SRCROOT}/Pods/Target Support Files/Pods-moomood/Pods-moomood-frameworks.sh\"\n";
			showEnvVarsInLog = 0;
		};
		D65DD506E427450A9079476D /* [CP] Embed Pods Frameworks */ = {
			isa = PBXShellScriptBuildPhase;
			buildActionMask = 2147483647;
			files = (
			);
			inputPaths = (
			);
			name = "[CP] Embed Pods Frameworks";
			outputPaths = (
			);
			runOnlyForDeploymentPostprocessing = 0;
			shellPath = /bin/sh;
			shellScript = "\"${SRCROOT}/Pods/Target Support Files/Pods-moomoodUITests/Pods-moomoodUITests-frameworks.sh\"\n";
			showEnvVarsInLog = 0;
		};
/* End PBXShellScriptBuildPhase section */

/* Begin PBXSourcesBuildPhase section */
		E6C6C9C01F8E211400BD5531 /* Sources */ = {
			isa = PBXSourcesBuildPhase;
			buildActionMask = 2147483647;
			files = (
				D979BE1B1F8FFBBA002A4AC5 /* ChatbotViewController.swift in Sources */,
				E6C6C9CC1F8E211400BD5531 /* MoodInputViewController.swift in Sources */,
				E6C6C9C81F8E211400BD5531 /* AppDelegate.swift in Sources */,
				D9D8945A1F9525EB00ED5A54 /* ShowMediaViewController.swift in Sources */,
				D9D894601F979CD500ED5A54 /* ChatMessage.swift in Sources */,
				A9E1FD921F96383500660F71 /* AnalysisViewController.swift in Sources */,
				E6C6C9CA1F8E211400BD5531 /* FirstViewController.swift in Sources */,
				D9374CC61F93C92100FA0481 /* Mood.swift in Sources */,
				D979BE191F8E70F6002A4AC5 /* ChartViewController.swift in Sources */,
				E6AAD52F1F9791840073D8E5 /* MoodInputViewDisplay.swift in Sources */,
			);
			runOnlyForDeploymentPostprocessing = 0;
		};
		E6C6C9D61F8E211400BD5531 /* Sources */ = {
			isa = PBXSourcesBuildPhase;
			buildActionMask = 2147483647;
			files = (
				E6C6C9DF1F8E211400BD5531 /* moomoodTests.swift in Sources */,
			);
			runOnlyForDeploymentPostprocessing = 0;
		};
		E6C6C9E11F8E211500BD5531 /* Sources */ = {
			isa = PBXSourcesBuildPhase;
			buildActionMask = 2147483647;
			files = (
				E6C6C9EA1F8E211500BD5531 /* moomoodUITests.swift in Sources */,
			);
			runOnlyForDeploymentPostprocessing = 0;
		};
/* End PBXSourcesBuildPhase section */

/* Begin PBXTargetDependency section */
		E6C6C9DC1F8E211400BD5531 /* PBXTargetDependency */ = {
			isa = PBXTargetDependency;
			target = E6C6C9C31F8E211400BD5531 /* moomood */;
			targetProxy = E6C6C9DB1F8E211400BD5531 /* PBXContainerItemProxy */;
		};
		E6C6C9E71F8E211500BD5531 /* PBXTargetDependency */ = {
			isa = PBXTargetDependency;
			target = E6C6C9C31F8E211400BD5531 /* moomood */;
			targetProxy = E6C6C9E61F8E211500BD5531 /* PBXContainerItemProxy */;
		};
/* End PBXTargetDependency section */

/* Begin PBXVariantGroup section */
		E6C6C9CD1F8E211400BD5531 /* Main.storyboard */ = {
			isa = PBXVariantGroup;
			children = (
				E6C6C9CE1F8E211400BD5531 /* Base */,
			);
			name = Main.storyboard;
			sourceTree = "<group>";
		};
		E6C6C9D21F8E211400BD5531 /* LaunchScreen.storyboard */ = {
			isa = PBXVariantGroup;
			children = (
				E6C6C9D31F8E211400BD5531 /* Base */,
			);
			name = LaunchScreen.storyboard;
			sourceTree = "<group>";
		};
/* End PBXVariantGroup section */

/* Begin XCBuildConfiguration section */
		E6C6C9EC1F8E211500BD5531 /* Debug */ = {
			isa = XCBuildConfiguration;
			buildSettings = {
				ALWAYS_SEARCH_USER_PATHS = NO;
				CLANG_ANALYZER_NONNULL = YES;
				CLANG_ANALYZER_NUMBER_OBJECT_CONVERSION = YES_AGGRESSIVE;
				CLANG_CXX_LANGUAGE_STANDARD = "gnu++14";
				CLANG_CXX_LIBRARY = "libc++";
				CLANG_ENABLE_MODULES = YES;
				CLANG_ENABLE_OBJC_ARC = YES;
				CLANG_WARN_BLOCK_CAPTURE_AUTORELEASING = YES;
				CLANG_WARN_BOOL_CONVERSION = YES;
				CLANG_WARN_COMMA = YES;
				CLANG_WARN_CONSTANT_CONVERSION = YES;
				CLANG_WARN_DIRECT_OBJC_ISA_USAGE = YES_ERROR;
				CLANG_WARN_DOCUMENTATION_COMMENTS = YES;
				CLANG_WARN_EMPTY_BODY = YES;
				CLANG_WARN_ENUM_CONVERSION = YES;
				CLANG_WARN_INFINITE_RECURSION = YES;
				CLANG_WARN_INT_CONVERSION = YES;
				CLANG_WARN_NON_LITERAL_NULL_CONVERSION = YES;
				CLANG_WARN_OBJC_LITERAL_CONVERSION = YES;
				CLANG_WARN_OBJC_ROOT_CLASS = YES_ERROR;
				CLANG_WARN_RANGE_LOOP_ANALYSIS = YES;
				CLANG_WARN_STRICT_PROTOTYPES = YES;
				CLANG_WARN_SUSPICIOUS_MOVE = YES;
				CLANG_WARN_UNGUARDED_AVAILABILITY = YES_AGGRESSIVE;
				CLANG_WARN_UNREACHABLE_CODE = YES;
				CLANG_WARN__DUPLICATE_METHOD_MATCH = YES;
				CODE_SIGN_IDENTITY = "iPhone Developer";
				COPY_PHASE_STRIP = NO;
				DEBUG_INFORMATION_FORMAT = dwarf;
				ENABLE_STRICT_OBJC_MSGSEND = YES;
				ENABLE_TESTABILITY = YES;
				GCC_C_LANGUAGE_STANDARD = gnu11;
				GCC_DYNAMIC_NO_PIC = NO;
				GCC_NO_COMMON_BLOCKS = YES;
				GCC_OPTIMIZATION_LEVEL = 0;
				GCC_PREPROCESSOR_DEFINITIONS = (
					"DEBUG=1",
					"$(inherited)",
				);
				GCC_WARN_64_TO_32_BIT_CONVERSION = YES;
				GCC_WARN_ABOUT_RETURN_TYPE = YES_ERROR;
				GCC_WARN_UNDECLARED_SELECTOR = YES;
				GCC_WARN_UNINITIALIZED_AUTOS = YES_AGGRESSIVE;
				GCC_WARN_UNUSED_FUNCTION = YES;
				GCC_WARN_UNUSED_VARIABLE = YES;
				IPHONEOS_DEPLOYMENT_TARGET = 11.0;
				MTL_ENABLE_DEBUG_INFO = YES;
				ONLY_ACTIVE_ARCH = YES;
				SDKROOT = iphoneos;
				SWIFT_ACTIVE_COMPILATION_CONDITIONS = DEBUG;
				SWIFT_OPTIMIZATION_LEVEL = "-Onone";
			};
			name = Debug;
		};
		E6C6C9ED1F8E211500BD5531 /* Release */ = {
			isa = XCBuildConfiguration;
			buildSettings = {
				ALWAYS_SEARCH_USER_PATHS = NO;
				CLANG_ANALYZER_NONNULL = YES;
				CLANG_ANALYZER_NUMBER_OBJECT_CONVERSION = YES_AGGRESSIVE;
				CLANG_CXX_LANGUAGE_STANDARD = "gnu++14";
				CLANG_CXX_LIBRARY = "libc++";
				CLANG_ENABLE_MODULES = YES;
				CLANG_ENABLE_OBJC_ARC = YES;
				CLANG_WARN_BLOCK_CAPTURE_AUTORELEASING = YES;
				CLANG_WARN_BOOL_CONVERSION = YES;
				CLANG_WARN_COMMA = YES;
				CLANG_WARN_CONSTANT_CONVERSION = YES;
				CLANG_WARN_DIRECT_OBJC_ISA_USAGE = YES_ERROR;
				CLANG_WARN_DOCUMENTATION_COMMENTS = YES;
				CLANG_WARN_EMPTY_BODY = YES;
				CLANG_WARN_ENUM_CONVERSION = YES;
				CLANG_WARN_INFINITE_RECURSION = YES;
				CLANG_WARN_INT_CONVERSION = YES;
				CLANG_WARN_NON_LITERAL_NULL_CONVERSION = YES;
				CLANG_WARN_OBJC_LITERAL_CONVERSION = YES;
				CLANG_WARN_OBJC_ROOT_CLASS = YES_ERROR;
				CLANG_WARN_RANGE_LOOP_ANALYSIS = YES;
				CLANG_WARN_STRICT_PROTOTYPES = YES;
				CLANG_WARN_SUSPICIOUS_MOVE = YES;
				CLANG_WARN_UNGUARDED_AVAILABILITY = YES_AGGRESSIVE;
				CLANG_WARN_UNREACHABLE_CODE = YES;
				CLANG_WARN__DUPLICATE_METHOD_MATCH = YES;
				CODE_SIGN_IDENTITY = "iPhone Developer";
				COPY_PHASE_STRIP = NO;
				DEBUG_INFORMATION_FORMAT = "dwarf-with-dsym";
				ENABLE_NS_ASSERTIONS = NO;
				ENABLE_STRICT_OBJC_MSGSEND = YES;
				GCC_C_LANGUAGE_STANDARD = gnu11;
				GCC_NO_COMMON_BLOCKS = YES;
				GCC_WARN_64_TO_32_BIT_CONVERSION = YES;
				GCC_WARN_ABOUT_RETURN_TYPE = YES_ERROR;
				GCC_WARN_UNDECLARED_SELECTOR = YES;
				GCC_WARN_UNINITIALIZED_AUTOS = YES_AGGRESSIVE;
				GCC_WARN_UNUSED_FUNCTION = YES;
				GCC_WARN_UNUSED_VARIABLE = YES;
				IPHONEOS_DEPLOYMENT_TARGET = 11.0;
				MTL_ENABLE_DEBUG_INFO = NO;
				SDKROOT = iphoneos;
				SWIFT_OPTIMIZATION_LEVEL = "-Owholemodule";
				VALIDATE_PRODUCT = YES;
			};
			name = Release;
		};
		E6C6C9EF1F8E211500BD5531 /* Debug */ = {
			isa = XCBuildConfiguration;
			baseConfigurationReference = 428B17691EC1C4B16383249C /* Pods-moomood.debug.xcconfig */;
			buildSettings = {
				ASSETCATALOG_COMPILER_APPICON_NAME = AppIcon;
				CODE_SIGN_STYLE = Automatic;
				DEVELOPMENT_TEAM = QYL64BN5XW;
				INFOPLIST_FILE = moomood/Info.plist;
				LD_RUNPATH_SEARCH_PATHS = "$(inherited) @executable_path/Frameworks";
				PRODUCT_BUNDLE_IDENTIFIER = "sam.ell-web.de";
				PRODUCT_NAME = "$(TARGET_NAME)";
				SWIFT_VERSION = 4.0;
				TARGETED_DEVICE_FAMILY = "1,2";
			};
			name = Debug;
		};
		E6C6C9F01F8E211500BD5531 /* Release */ = {
			isa = XCBuildConfiguration;
			baseConfigurationReference = 8B325570D2310684A0349AF3 /* Pods-moomood.release.xcconfig */;
			buildSettings = {
				ASSETCATALOG_COMPILER_APPICON_NAME = AppIcon;
				CODE_SIGN_STYLE = Automatic;
				DEVELOPMENT_TEAM = QYL64BN5XW;
				INFOPLIST_FILE = moomood/Info.plist;
				LD_RUNPATH_SEARCH_PATHS = "$(inherited) @executable_path/Frameworks";
				PRODUCT_BUNDLE_IDENTIFIER = "sam.ell-web.de";
				PRODUCT_NAME = "$(TARGET_NAME)";
				SWIFT_VERSION = 4.0;
				TARGETED_DEVICE_FAMILY = "1,2";
			};
			name = Release;
		};
		E6C6C9F21F8E211500BD5531 /* Debug */ = {
			isa = XCBuildConfiguration;
			baseConfigurationReference = AE7ADD9165F73CD3D7A420F4 /* Pods-moomoodTests.debug.xcconfig */;
			buildSettings = {
				ALWAYS_EMBED_SWIFT_STANDARD_LIBRARIES = YES;
				BUNDLE_LOADER = "$(TEST_HOST)";
				CODE_SIGN_STYLE = Automatic;
				DEVELOPMENT_TEAM = QYL64BN5XW;
				INFOPLIST_FILE = moomoodTests/Info.plist;
				LD_RUNPATH_SEARCH_PATHS = "$(inherited) @executable_path/Frameworks @loader_path/Frameworks";
				PRODUCT_BUNDLE_IDENTIFIER = com.jenniferbacon.moomoodTests;
				PRODUCT_NAME = "$(TARGET_NAME)";
				SWIFT_VERSION = 4.0;
				TARGETED_DEVICE_FAMILY = "1,2";
				TEST_HOST = "$(BUILT_PRODUCTS_DIR)/moomood.app/moomood";
			};
			name = Debug;
		};
		E6C6C9F31F8E211500BD5531 /* Release */ = {
			isa = XCBuildConfiguration;
			baseConfigurationReference = 44F7BB49D60B1091F19F1A64 /* Pods-moomoodTests.release.xcconfig */;
			buildSettings = {
				ALWAYS_EMBED_SWIFT_STANDARD_LIBRARIES = YES;
				BUNDLE_LOADER = "$(TEST_HOST)";
				CODE_SIGN_STYLE = Automatic;
				DEVELOPMENT_TEAM = QYL64BN5XW;
				INFOPLIST_FILE = moomoodTests/Info.plist;
				LD_RUNPATH_SEARCH_PATHS = "$(inherited) @executable_path/Frameworks @loader_path/Frameworks";
				PRODUCT_BUNDLE_IDENTIFIER = com.jenniferbacon.moomoodTests;
				PRODUCT_NAME = "$(TARGET_NAME)";
				SWIFT_VERSION = 4.0;
				TARGETED_DEVICE_FAMILY = "1,2";
				TEST_HOST = "$(BUILT_PRODUCTS_DIR)/moomood.app/moomood";
			};
			name = Release;
		};
		E6C6C9F51F8E211500BD5531 /* Debug */ = {
			isa = XCBuildConfiguration;
			baseConfigurationReference = 451735FC10E6AF2F295927B5 /* Pods-moomoodUITests.debug.xcconfig */;
			buildSettings = {
				ALWAYS_EMBED_SWIFT_STANDARD_LIBRARIES = YES;
				CODE_SIGN_STYLE = Automatic;
				DEVELOPMENT_TEAM = QYL64BN5XW;
				INFOPLIST_FILE = moomoodUITests/Info.plist;
				LD_RUNPATH_SEARCH_PATHS = "$(inherited) @executable_path/Frameworks @loader_path/Frameworks";
				PRODUCT_BUNDLE_IDENTIFIER = com.jenniferbacon.moomoodUITests;
				PRODUCT_NAME = "$(TARGET_NAME)";
				SWIFT_VERSION = 4.0;
				TARGETED_DEVICE_FAMILY = "1,2";
				TEST_TARGET_NAME = moomood;
			};
			name = Debug;
		};
		E6C6C9F61F8E211500BD5531 /* Release */ = {
			isa = XCBuildConfiguration;
			baseConfigurationReference = 2584CE41732D31943001E57C /* Pods-moomoodUITests.release.xcconfig */;
			buildSettings = {
				ALWAYS_EMBED_SWIFT_STANDARD_LIBRARIES = YES;
				CODE_SIGN_STYLE = Automatic;
				DEVELOPMENT_TEAM = QYL64BN5XW;
				INFOPLIST_FILE = moomoodUITests/Info.plist;
				LD_RUNPATH_SEARCH_PATHS = "$(inherited) @executable_path/Frameworks @loader_path/Frameworks";
				PRODUCT_BUNDLE_IDENTIFIER = com.jenniferbacon.moomoodUITests;
				PRODUCT_NAME = "$(TARGET_NAME)";
				SWIFT_VERSION = 4.0;
				TARGETED_DEVICE_FAMILY = "1,2";
				TEST_TARGET_NAME = moomood;
			};
			name = Release;
		};
/* End XCBuildConfiguration section */

/* Begin XCConfigurationList section */
		E6C6C9BF1F8E211400BD5531 /* Build configuration list for PBXProject "moomood" */ = {
			isa = XCConfigurationList;
			buildConfigurations = (
				E6C6C9EC1F8E211500BD5531 /* Debug */,
				E6C6C9ED1F8E211500BD5531 /* Release */,
			);
			defaultConfigurationIsVisible = 0;
			defaultConfigurationName = Release;
		};
		E6C6C9EE1F8E211500BD5531 /* Build configuration list for PBXNativeTarget "moomood" */ = {
			isa = XCConfigurationList;
			buildConfigurations = (
				E6C6C9EF1F8E211500BD5531 /* Debug */,
				E6C6C9F01F8E211500BD5531 /* Release */,
			);
			defaultConfigurationIsVisible = 0;
			defaultConfigurationName = Release;
		};
		E6C6C9F11F8E211500BD5531 /* Build configuration list for PBXNativeTarget "moomoodTests" */ = {
			isa = XCConfigurationList;
			buildConfigurations = (
				E6C6C9F21F8E211500BD5531 /* Debug */,
				E6C6C9F31F8E211500BD5531 /* Release */,
			);
			defaultConfigurationIsVisible = 0;
			defaultConfigurationName = Release;
		};
		E6C6C9F41F8E211500BD5531 /* Build configuration list for PBXNativeTarget "moomoodUITests" */ = {
			isa = XCConfigurationList;
			buildConfigurations = (
				E6C6C9F51F8E211500BD5531 /* Debug */,
				E6C6C9F61F8E211500BD5531 /* Release */,
			);
			defaultConfigurationIsVisible = 0;
			defaultConfigurationName = Release;
		};
/* End XCConfigurationList section */
	};
	rootObject = E6C6C9BC1F8E211400BD5531 /* Project object */;
}
